
Microsoft Visual Studio Solution File, Format Version 12.00
# Visual Studio Version 17
VisualStudioVersion = 17.3.32825.248
MinimumVisualStudioVersion = 10.0.40219.1
Project("{2150E333-8FDC-42A3-9474-1A3956D46DE8}") = "VersionControl", "VersionControl", "{1350F5BC-D81C-444B-8478-1046B9DBD233}"
	ProjectSection(SolutionItems) = preProject
		..\CHANGELOG.md = ..\CHANGELOG.md
		..\version.txt = ..\version.txt
	EndProjectSection
EndProject
Project("{9A19103F-16F7-4668-BE54-9A1E7A4F7556}") = "BillingCalculator", "BillingCalculator\BillingCalculator.csproj", "{37D81E46-B7E9-4078-9AB9-31C46E6643CB}"
EndProject
Global
	GlobalSection(SolutionConfigurationPlatforms) = preSolution
		Debug|Any CPU = Debug|Any CPU
		Release|Any CPU = Release|Any CPU
	EndGlobalSection
	GlobalSection(ProjectConfigurationPlatforms) = postSolution
		{37D81E46-B7E9-4078-9AB9-31C46E6643CB}.Debug|Any CPU.ActiveCfg = Debug|Any CPU
		{37D81E46-B7E9-4078-9AB9-31C46E6643CB}.Debug|Any CPU.Build.0 = Debug|Any CPU
		{37D81E46-B7E9-4078-9AB9-31C46E6643CB}.Release|Any CPU.ActiveCfg = Release|Any CPU
		{37D81E46-B7E9-4078-9AB9-31C46E6643CB}.Release|Any CPU.Build.0 = Release|Any CPU
		{C7E285BC-A86B-4F2E-AEB6-3CC357C0E0B6}.Debug|Any CPU.ActiveCfg = Debug|Any CPU
		{C7E285BC-A86B-4F2E-AEB6-3CC357C0E0B6}.Debug|Any CPU.Build.0 = Debug|Any CPU
		{C7E285BC-A86B-4F2E-AEB6-3CC357C0E0B6}.Release|Any CPU.ActiveCfg = Release|Any CPU
		{C7E285BC-A86B-4F2E-AEB6-3CC357C0E0B6}.Release|Any CPU.Build.0 = Release|Any CPU
		{53C07B9E-58AF-4679-A6E8-6154DBF9EA8F}.Debug|Any CPU.ActiveCfg = Debug|Any CPU
		{53C07B9E-58AF-4679-A6E8-6154DBF9EA8F}.Debug|Any CPU.Build.0 = Debug|Any CPU
		{53C07B9E-58AF-4679-A6E8-6154DBF9EA8F}.Release|Any CPU.ActiveCfg = Release|Any CPU
		{53C07B9E-58AF-4679-A6E8-6154DBF9EA8F}.Release|Any CPU.Build.0 = Release|Any CPU
		{97EFC7FC-1350-403D-AFEA-42C9B74D526F}.Debug|Any CPU.ActiveCfg = Debug|Any CPU
		{97EFC7FC-1350-403D-AFEA-42C9B74D526F}.Debug|Any CPU.Build.0 = Debug|Any CPU
		{97EFC7FC-1350-403D-AFEA-42C9B74D526F}.Release|Any CPU.ActiveCfg = Release|Any CPU
		{97EFC7FC-1350-403D-AFEA-42C9B74D526F}.Release|Any CPU.Build.0 = Release|Any CPU
		{549B21FB-BEA7-42C8-827C-D7F0E47B7D95}.Debug|Any CPU.ActiveCfg = Debug|Any CPU
		{549B21FB-BEA7-42C8-827C-D7F0E47B7D95}.Debug|Any CPU.Build.0 = Debug|Any CPU
		{549B21FB-BEA7-42C8-827C-D7F0E47B7D95}.Release|Any CPU.ActiveCfg = Release|Any CPU
		{549B21FB-BEA7-42C8-827C-D7F0E47B7D95}.Release|Any CPU.Build.0 = Release|Any CPU
	EndGlobalSection
	GlobalSection(SolutionProperties) = preSolution
		HideSolutionNode = FALSE
	EndGlobalSection
	GlobalSection(ExtensibilityGlobals) = postSolution
		SolutionGuid = {A31D6AA6-8242-4190-B2A1-A428A09D61E7}
	EndGlobalSection
EndGlobal
